
Microsoft Visual Studio Solution File, Format Version 12.00
# Visual Studio 14
VisualStudioVersion = 14.0.25420.1
MinimumVisualStudioVersion = 10.0.40219.1
Project("{8BC9CEB8-8B4A-11D0-8D11-00A0C91BC942}") = "cpp_proj", "cpp_proj\cpp_proj.vcxproj", "{C1B09B58-4D3F-4F24-A905-AA7424D59B68}"
EndProject
Project("{8BC9CEB8-8B4A-11D0-8D11-00A0C91BC942}") = "cppblbridge", "cppblbridge\cppblbridge.vcxproj", "{A2245F58-A054-43ED-BEE7-42FCCC5AED02}"
EndProject
Project("{FAE04EC0-301F-11D3-BF4B-00C04F79EFBC}") = "wpf_proj", "wpf_proj\wpf_proj.csproj", "{16E93E5E-8FA9-4794-B861-17539388BD7D}"
EndProject
Global
	GlobalSection(SolutionConfigurationPlatforms) = preSolution
		Debug|Any CPU = Debug|Any CPU
		Debug|x64 = Debug|x64
		Debug|x86 = Debug|x86
		Release|Any CPU = Release|Any CPU
		Release|x64 = Release|x64
		Release|x86 = Release|x86
	EndGlobalSection
	GlobalSection(ProjectConfigurationPlatforms) = postSolution
		{C1B09B58-4D3F-4F24-A905-AA7424D59B68}.Debug|Any CPU.ActiveCfg = Debug|Win32
		{C1B09B58-4D3F-4F24-A905-AA7424D59B68}.Debug|x64.ActiveCfg = Debug|x64
		{C1B09B58-4D3F-4F24-A905-AA7424D59B68}.Debug|x64.Build.0 = Debug|x64
		{C1B09B58-4D3F-4F24-A905-AA7424D59B68}.Debug|x86.ActiveCfg = Debug|Win32
		{C1B09B58-4D3F-4F24-A905-AA7424D59B68}.Debug|x86.Build.0 = Debug|Win32
		{C1B09B58-4D3F-4F24-A905-AA7424D59B68}.Release|Any CPU.ActiveCfg = Release|Win32
		{C1B09B58-4D3F-4F24-A905-AA7424D59B68}.Release|x64.ActiveCfg = Release|x64
		{C1B09B58-4D3F-4F24-A905-AA7424D59B68}.Release|x64.Build.0 = Release|x64
		{C1B09B58-4D3F-4F24-A905-AA7424D59B68}.Release|x86.ActiveCfg = Release|Win32
		{C1B09B58-4D3F-4F24-A905-AA7424D59B68}.Release|x86.Build.0 = Release|Win32
		{A2245F58-A054-43ED-BEE7-42FCCC5AED02}.Debug|Any CPU.ActiveCfg = Debug|Win32
		{A2245F58-A054-43ED-BEE7-42FCCC5AED02}.Debug|x64.ActiveCfg = Debug|x64
		{A2245F58-A054-43ED-BEE7-42FCCC5AED02}.Debug|x64.Build.0 = Debug|x64
		{A2245F58-A054-43ED-BEE7-42FCCC5AED02}.Debug|x86.ActiveCfg = Debug|Win32
		{A2245F58-A054-43ED-BEE7-42FCCC5AED02}.Debug|x86.Build.0 = Debug|Win32
		{A2245F58-A054-43ED-BEE7-42FCCC5AED02}.Release|Any CPU.ActiveCfg = Release|Win32
		{A2245F58-A054-43ED-BEE7-42FCCC5AED02}.Release|x64.ActiveCfg = Release|x64
		{A2245F58-A054-43ED-BEE7-42FCCC5AED02}.Release|x64.Build.0 = Release|x64
		{A2245F58-A054-43ED-BEE7-42FCCC5AED02}.Release|x86.ActiveCfg = Release|Win32
		{A2245F58-A054-43ED-BEE7-42FCCC5AED02}.Release|x86.Build.0 = Release|Win32
		{16E93E5E-8FA9-4794-B861-17539388BD7D}.Debug|Any CPU.ActiveCfg = Debug|Any CPU
		{16E93E5E-8FA9-4794-B861-17539388BD7D}.Debug|Any CPU.Build.0 = Debug|Any CPU
		{16E93E5E-8FA9-4794-B861-17539388BD7D}.Debug|x64.ActiveCfg = Debug|Any CPU
		{16E93E5E-8FA9-4794-B861-17539388BD7D}.Debug|x64.Build.0 = Debug|Any CPU
		{16E93E5E-8FA9-4794-B861-17539388BD7D}.Debug|x86.ActiveCfg = Debug|Any CPU
		{16E93E5E-8FA9-4794-B861-17539388BD7D}.Debug|x86.Build.0 = Debug|Any CPU
		{16E93E5E-8FA9-4794-B861-17539388BD7D}.Release|Any CPU.ActiveCfg = Release|Any CPU
		{16E93E5E-8FA9-4794-B861-17539388BD7D}.Release|Any CPU.Build.0 = Release|Any CPU
		{16E93E5E-8FA9-4794-B861-17539388BD7D}.Release|x64.ActiveCfg = Release|Any CPU
		{16E93E5E-8FA9-4794-B861-17539388BD7D}.Release|x64.Build.0 = Release|Any CPU
		{16E93E5E-8FA9-4794-B861-17539388BD7D}.Release|x86.ActiveCfg = Release|Any CPU
		{16E93E5E-8FA9-4794-B861-17539388BD7D}.Release|x86.Build.0 = Release|Any CPU
	EndGlobalSection
	GlobalSection(SolutionProperties) = preSolution
		HideSolutionNode = FALSE
	EndGlobalSection
EndGlobal
